
Microsoft Visual Studio Solution File, Format Version 12.00
# Visual Studio 14
VisualStudioVersion = 14.0.22310.1
MinimumVisualStudioVersion = 10.0.40219.1
Project("{FAE04EC0-301F-11D3-BF4B-00C04F79EFBC}") = "01_StringBuilderExtensions", "01_StringBuilderExtensions\01_StringBuilderExtensions.csproj", "{C3436EBD-7D9E-4E3B-AE0E-7F3AF4A514E9}"
EndProject
Project("{FAE04EC0-301F-11D3-BF4B-00C04F79EFBC}") = "03_ClassStudent", "03_ClassStudent\03_ClassStudent.csproj", "{3353BE1D-EB7A-4701-9A81-46CC83C3ED22}"
EndProject
Project("{FAE04EC0-301F-11D3-BF4B-00C04F79EFBC}") = "04_StudentsByGroup", "04_StudentsByGroup\04_StudentsByGroup.csproj", "{5E22D186-7235-47F2-9731-E763EED45CA3}"
EndProject
Project("{FAE04EC0-301F-11D3-BF4B-00C04F79EFBC}") = "05_StudentsByFirstAndLastName", "05_StudentsByFirstAndLastName\05_StudentsByFirstAndLastName.csproj", "{320D4345-07F7-40C1-AD47-9706E9742491}"
EndProject
Project("{FAE04EC0-301F-11D3-BF4B-00C04F79EFBC}") = "06_StudentsByAge", "06_StudentsByAge\06_StudentsByAge.csproj", "{1FCDA27C-5D9C-44DE-A9C5-CFFFCF891C05}"
EndProject
Project("{FAE04EC0-301F-11D3-BF4B-00C04F79EFBC}") = "07_SortStudents", "07_SortStudents\07_SortStudents.csproj", "{B2CAE198-D2BA-44E6-A025-36FC94054D92}"
EndProject
Project("{FAE04EC0-301F-11D3-BF4B-00C04F79EFBC}") = "08_FilterStudentsByEmailDomain", "08_FilterStudentsByEmailDomain\08_FilterStudentsByEmailDomain.csproj", "{AEB7E7B7-E94A-4B46-979C-39E58723BDCE}"
EndProject
Project("{FAE04EC0-301F-11D3-BF4B-00C04F79EFBC}") = "09_FilterStudentsByPhone", "09_FilterStudentsByPhone\09_FilterStudentsByPhone.csproj", "{561F71E8-0589-4836-B5FF-AD2A1D8C0840}"
EndProject
Project("{FAE04EC0-301F-11D3-BF4B-00C04F79EFBC}") = "10_ExcellentStudents", "10_ExcellentStudents\10_ExcellentStudents.csproj", "{53A57008-2080-4B63-85CA-7CC979374C65}"
EndProject
Project("{FAE04EC0-301F-11D3-BF4B-00C04F79EFBC}") = "11_WeakStudents", "11_WeakStudents\11_WeakStudents.csproj", "{266639B9-5D8A-4043-B7CB-67CDCA19D3E7}"
EndProject
Project("{FAE04EC0-301F-11D3-BF4B-00C04F79EFBC}") = "12_StudentsEnrolledIn2014", "12_StudentsEnrolledIn2014\12_StudentsEnrolledIn2014.csproj", "{604C9E74-A447-4D7C-9C12-2D4E09677DAE}"
EndProject
Project("{FAE04EC0-301F-11D3-BF4B-00C04F79EFBC}") = "13_StudentsByGroups", "13_StudentsByGroups\13_StudentsByGroups.csproj", "{5AC6B95D-CA27-4258-A203-1BFF125445FF}"
EndProject
Project("{FAE04EC0-301F-11D3-BF4B-00C04F79EFBC}") = "14_StudentsJoinedToSpecialties", "14_StudentsJoinedToSpecialties\14_StudentsJoinedToSpecialties.csproj", "{77EE5470-B52A-49A2-948D-DE9640823DF1}"
EndProject
Global
	GlobalSection(SolutionConfigurationPlatforms) = preSolution
		Debug|Any CPU = Debug|Any CPU
		Release|Any CPU = Release|Any CPU
	EndGlobalSection
	GlobalSection(ProjectConfigurationPlatforms) = postSolution
		{C3436EBD-7D9E-4E3B-AE0E-7F3AF4A514E9}.Debug|Any CPU.ActiveCfg = Debug|Any CPU
		{C3436EBD-7D9E-4E3B-AE0E-7F3AF4A514E9}.Debug|Any CPU.Build.0 = Debug|Any CPU
		{C3436EBD-7D9E-4E3B-AE0E-7F3AF4A514E9}.Release|Any CPU.ActiveCfg = Release|Any CPU
		{C3436EBD-7D9E-4E3B-AE0E-7F3AF4A514E9}.Release|Any CPU.Build.0 = Release|Any CPU
		{3353BE1D-EB7A-4701-9A81-46CC83C3ED22}.Debug|Any CPU.ActiveCfg = Debug|Any CPU
		{3353BE1D-EB7A-4701-9A81-46CC83C3ED22}.Debug|Any CPU.Build.0 = Debug|Any CPU
		{3353BE1D-EB7A-4701-9A81-46CC83C3ED22}.Release|Any CPU.ActiveCfg = Release|Any CPU
		{3353BE1D-EB7A-4701-9A81-46CC83C3ED22}.Release|Any CPU.Build.0 = Release|Any CPU
		{5E22D186-7235-47F2-9731-E763EED45CA3}.Debug|Any CPU.ActiveCfg = Debug|Any CPU
		{5E22D186-7235-47F2-9731-E763EED45CA3}.Debug|Any CPU.Build.0 = Debug|Any CPU
		{5E22D186-7235-47F2-9731-E763EED45CA3}.Release|Any CPU.ActiveCfg = Release|Any CPU
		{5E22D186-7235-47F2-9731-E763EED45CA3}.Release|Any CPU.Build.0 = Release|Any CPU
		{320D4345-07F7-40C1-AD47-9706E9742491}.Debug|Any CPU.ActiveCfg = Debug|Any CPU
		{320D4345-07F7-40C1-AD47-9706E9742491}.Debug|Any CPU.Build.0 = Debug|Any CPU
		{320D4345-07F7-40C1-AD47-9706E9742491}.Release|Any CPU.ActiveCfg = Release|Any CPU
		{320D4345-07F7-40C1-AD47-9706E9742491}.Release|Any CPU.Build.0 = Release|Any CPU
		{1FCDA27C-5D9C-44DE-A9C5-CFFFCF891C05}.Debug|Any CPU.ActiveCfg = Debug|Any CPU
		{1FCDA27C-5D9C-44DE-A9C5-CFFFCF891C05}.Debug|Any CPU.Build.0 = Debug|Any CPU
		{1FCDA27C-5D9C-44DE-A9C5-CFFFCF891C05}.Release|Any CPU.ActiveCfg = Release|Any CPU
		{1FCDA27C-5D9C-44DE-A9C5-CFFFCF891C05}.Release|Any CPU.Build.0 = Release|Any CPU
		{B2CAE198-D2BA-44E6-A025-36FC94054D92}.Debug|Any CPU.ActiveCfg = Debug|Any CPU
		{B2CAE198-D2BA-44E6-A025-36FC94054D92}.Debug|Any CPU.Build.0 = Debug|Any CPU
		{B2CAE198-D2BA-44E6-A025-36FC94054D92}.Release|Any CPU.ActiveCfg = Release|Any CPU
		{B2CAE198-D2BA-44E6-A025-36FC94054D92}.Release|Any CPU.Build.0 = Release|Any CPU
		{AEB7E7B7-E94A-4B46-979C-39E58723BDCE}.Debug|Any CPU.ActiveCfg = Debug|Any CPU
		{AEB7E7B7-E94A-4B46-979C-39E58723BDCE}.Debug|Any CPU.Build.0 = Debug|Any CPU
		{AEB7E7B7-E94A-4B46-979C-39E58723BDCE}.Release|Any CPU.ActiveCfg = Release|Any CPU
		{AEB7E7B7-E94A-4B46-979C-39E58723BDCE}.Release|Any CPU.Build.0 = Release|Any CPU
		{561F71E8-0589-4836-B5FF-AD2A1D8C0840}.Debug|Any CPU.ActiveCfg = Debug|Any CPU
		{561F71E8-0589-4836-B5FF-AD2A1D8C0840}.Debug|Any CPU.Build.0 = Debug|Any CPU
		{561F71E8-0589-4836-B5FF-AD2A1D8C0840}.Release|Any CPU.ActiveCfg = Release|Any CPU
		{561F71E8-0589-4836-B5FF-AD2A1D8C0840}.Release|Any CPU.Build.0 = Release|Any CPU
		{53A57008-2080-4B63-85CA-7CC979374C65}.Debug|Any CPU.ActiveCfg = Debug|Any CPU
		{53A57008-2080-4B63-85CA-7CC979374C65}.Debug|Any CPU.Build.0 = Debug|Any CPU
		{53A57008-2080-4B63-85CA-7CC979374C65}.Release|Any CPU.ActiveCfg = Release|Any CPU
		{53A57008-2080-4B63-85CA-7CC979374C65}.Release|Any CPU.Build.0 = Release|Any CPU
		{266639B9-5D8A-4043-B7CB-67CDCA19D3E7}.Debug|Any CPU.ActiveCfg = Debug|Any CPU
		{266639B9-5D8A-4043-B7CB-67CDCA19D3E7}.Debug|Any CPU.Build.0 = Debug|Any CPU
		{266639B9-5D8A-4043-B7CB-67CDCA19D3E7}.Release|Any CPU.ActiveCfg = Release|Any CPU
		{266639B9-5D8A-4043-B7CB-67CDCA19D3E7}.Release|Any CPU.Build.0 = Release|Any CPU
		{604C9E74-A447-4D7C-9C12-2D4E09677DAE}.Debug|Any CPU.ActiveCfg = Debug|Any CPU
		{604C9E74-A447-4D7C-9C12-2D4E09677DAE}.Debug|Any CPU.Build.0 = Debug|Any CPU
		{604C9E74-A447-4D7C-9C12-2D4E09677DAE}.Release|Any CPU.ActiveCfg = Release|Any CPU
		{604C9E74-A447-4D7C-9C12-2D4E09677DAE}.Release|Any CPU.Build.0 = Release|Any CPU
		{5AC6B95D-CA27-4258-A203-1BFF125445FF}.Debug|Any CPU.ActiveCfg = Debug|Any CPU
		{5AC6B95D-CA27-4258-A203-1BFF125445FF}.Debug|Any CPU.Build.0 = Debug|Any CPU
		{5AC6B95D-CA27-4258-A203-1BFF125445FF}.Release|Any CPU.ActiveCfg = Release|Any CPU
		{5AC6B95D-CA27-4258-A203-1BFF125445FF}.Release|Any CPU.Build.0 = Release|Any CPU
		{77EE5470-B52A-49A2-948D-DE9640823DF1}.Debug|Any CPU.ActiveCfg = Debug|Any CPU
		{77EE5470-B52A-49A2-948D-DE9640823DF1}.Debug|Any CPU.Build.0 = Debug|Any CPU
		{77EE5470-B52A-49A2-948D-DE9640823DF1}.Release|Any CPU.ActiveCfg = Release|Any CPU
		{77EE5470-B52A-49A2-948D-DE9640823DF1}.Release|Any CPU.Build.0 = Release|Any CPU
	EndGlobalSection
	GlobalSection(SolutionProperties) = preSolution
		HideSolutionNode = FALSE
	EndGlobalSection
EndGlobal
