
Microsoft Visual Studio Solution File, Format Version 12.00
# Visual Studio 14
VisualStudioVersion = 14.0.22310.1
MinimumVisualStudioVersion = 10.0.40219.1
Project("{FAE04EC0-301F-11D3-BF4B-00C04F79EFBC}") = "01_StringBuilderExtensions", "01_StringBuilderExtensions\01_StringBuilderExtensions.csproj", "{C3436EBD-7D9E-4E3B-AE0E-7F3AF4A514E9}"
EndProject
Project("{FAE04EC0-301F-11D3-BF4B-00C04F79EFBC}") = "03_ClassStudent", "03_ClassStudent\03_ClassStudent.csproj", "{3353BE1D-EB7A-4701-9A81-46CC83C3ED22}"
EndProject
Global
	GlobalSection(SolutionConfigurationPlatforms) = preSolution
		Debug|Any CPU = Debug|Any CPU
		Release|Any CPU = Release|Any CPU
	EndGlobalSection
	GlobalSection(ProjectConfigurationPlatforms) = postSolution
		{C3436EBD-7D9E-4E3B-AE0E-7F3AF4A514E9}.Debug|Any CPU.ActiveCfg = Debug|Any CPU
		{C3436EBD-7D9E-4E3B-AE0E-7F3AF4A514E9}.Debug|Any CPU.Build.0 = Debug|Any CPU
		{C3436EBD-7D9E-4E3B-AE0E-7F3AF4A514E9}.Release|Any CPU.ActiveCfg = Release|Any CPU
		{C3436EBD-7D9E-4E3B-AE0E-7F3AF4A514E9}.Release|Any CPU.Build.0 = Release|Any CPU
		{3353BE1D-EB7A-4701-9A81-46CC83C3ED22}.Debug|Any CPU.ActiveCfg = Debug|Any CPU
		{3353BE1D-EB7A-4701-9A81-46CC83C3ED22}.Debug|Any CPU.Build.0 = Debug|Any CPU
		{3353BE1D-EB7A-4701-9A81-46CC83C3ED22}.Release|Any CPU.ActiveCfg = Release|Any CPU
		{3353BE1D-EB7A-4701-9A81-46CC83C3ED22}.Release|Any CPU.Build.0 = Release|Any CPU
	EndGlobalSection
	GlobalSection(SolutionProperties) = preSolution
		HideSolutionNode = FALSE
	EndGlobalSection
EndGlobal
