
Microsoft Visual Studio Solution File, Format Version 12.00
# Visual Studio 2013
VisualStudioVersion = 12.0.31101.0
MinimumVisualStudioVersion = 10.0.40219.1
Project("{FAE04EC0-301F-11D3-BF4B-00C04F79EFBC}") = "01_Persons", "01_Persons\01_Persons.csproj", "{950C03BE-FE07-42C0-8CCD-50C392A0BDC4}"
EndProject
Project("{FAE04EC0-301F-11D3-BF4B-00C04F79EFBC}") = "02_LaptopShop", "02_LaptopShop\02_LaptopShop.csproj", "{B4AF09EC-95C2-476C-B3B8-3FD62871BC39}"
EndProject
Project("{FAE04EC0-301F-11D3-BF4B-00C04F79EFBC}") = "03_PcCatalog", "03_PcCatalog\03_PcCatalog.csproj", "{E7BC1EEC-2ACD-460D-9441-23E06DDBB267}"
EndProject
Project("{FAE04EC0-301F-11D3-BF4B-00C04F79EFBC}") = "04_SoftwareUniversityLearningSystem", "04_SoftwareUniversityLearningSystem\04_SoftwareUniversityLearningSystem.csproj", "{E7D3CE76-4FF7-43F9-B05C-EC842298D70A}"
EndProject
Global
	GlobalSection(SolutionConfigurationPlatforms) = preSolution
		Debug|Any CPU = Debug|Any CPU
		Release|Any CPU = Release|Any CPU
	EndGlobalSection
	GlobalSection(ProjectConfigurationPlatforms) = postSolution
		{950C03BE-FE07-42C0-8CCD-50C392A0BDC4}.Debug|Any CPU.ActiveCfg = Debug|Any CPU
		{950C03BE-FE07-42C0-8CCD-50C392A0BDC4}.Debug|Any CPU.Build.0 = Debug|Any CPU
		{950C03BE-FE07-42C0-8CCD-50C392A0BDC4}.Release|Any CPU.ActiveCfg = Release|Any CPU
		{950C03BE-FE07-42C0-8CCD-50C392A0BDC4}.Release|Any CPU.Build.0 = Release|Any CPU
		{B4AF09EC-95C2-476C-B3B8-3FD62871BC39}.Debug|Any CPU.ActiveCfg = Debug|Any CPU
		{B4AF09EC-95C2-476C-B3B8-3FD62871BC39}.Debug|Any CPU.Build.0 = Debug|Any CPU
		{B4AF09EC-95C2-476C-B3B8-3FD62871BC39}.Release|Any CPU.ActiveCfg = Release|Any CPU
		{B4AF09EC-95C2-476C-B3B8-3FD62871BC39}.Release|Any CPU.Build.0 = Release|Any CPU
		{E7BC1EEC-2ACD-460D-9441-23E06DDBB267}.Debug|Any CPU.ActiveCfg = Debug|Any CPU
		{E7BC1EEC-2ACD-460D-9441-23E06DDBB267}.Debug|Any CPU.Build.0 = Debug|Any CPU
		{E7BC1EEC-2ACD-460D-9441-23E06DDBB267}.Release|Any CPU.ActiveCfg = Release|Any CPU
		{E7BC1EEC-2ACD-460D-9441-23E06DDBB267}.Release|Any CPU.Build.0 = Release|Any CPU
		{E7D3CE76-4FF7-43F9-B05C-EC842298D70A}.Debug|Any CPU.ActiveCfg = Debug|Any CPU
		{E7D3CE76-4FF7-43F9-B05C-EC842298D70A}.Debug|Any CPU.Build.0 = Debug|Any CPU
		{E7D3CE76-4FF7-43F9-B05C-EC842298D70A}.Release|Any CPU.ActiveCfg = Release|Any CPU
		{E7D3CE76-4FF7-43F9-B05C-EC842298D70A}.Release|Any CPU.Build.0 = Release|Any CPU
	EndGlobalSection
	GlobalSection(SolutionProperties) = preSolution
		HideSolutionNode = FALSE
	EndGlobalSection
EndGlobal
